// !$*UTF8*$!
{
	archiveVersion = 1;
	classes = {
	};
	objectVersion = 46;
	objects = {

/* Begin PBXBuildFile section */
		77065DAA214661D7001EC35D /* AppDelegate.swift in Sources */ = {isa = PBXBuildFile; fileRef = 77065DA9214661D7001EC35D /* AppDelegate.swift */; };
		77065DAC214661D7001EC35D /* ViewController.swift in Sources */ = {isa = PBXBuildFile; fileRef = 77065DAB214661D7001EC35D /* ViewController.swift */; };
		77065DAF214661D8001EC35D /* Main.storyboard in Resources */ = {isa = PBXBuildFile; fileRef = 77065DAD214661D7001EC35D /* Main.storyboard */; };
		77065DB1214661D8001EC35D /* Assets.xcassets in Resources */ = {isa = PBXBuildFile; fileRef = 77065DB0214661D8001EC35D /* Assets.xcassets */; };
		77065DB4214661D8001EC35D /* LaunchScreen.storyboard in Resources */ = {isa = PBXBuildFile; fileRef = 77065DB2214661D8001EC35D /* LaunchScreen.storyboard */; };
/* End PBXBuildFile section */

/* Begin PBXFileReference section */
		77065DA6214661D7001EC35D /* ec-rest.app */ = {isa = PBXFileReference; explicitFileType = wrapper.application; includeInIndex = 0; path = "ec-rest.app"; sourceTree = BUILT_PRODUCTS_DIR; };
		77065DA9214661D7001EC35D /* AppDelegate.swift */ = {isa = PBXFileReference; lastKnownFileType = sourcecode.swift; path = AppDelegate.swift; sourceTree = "<group>"; };
		77065DAB214661D7001EC35D /* ViewController.swift */ = {isa = PBXFileReference; lastKnownFileType = sourcecode.swift; path = ViewController.swift; sourceTree = "<group>"; };
		77065DAE214661D8001EC35D /* Base */ = {isa = PBXFileReference; lastKnownFileType = file.storyboard; name = Base; path = Base.lproj/Main.storyboard; sourceTree = "<group>"; };
		77065DB0214661D8001EC35D /* Assets.xcassets */ = {isa = PBXFileReference; lastKnownFileType = folder.assetcatalog; path = Assets.xcassets; sourceTree = "<group>"; };
		77065DB3214661D8001EC35D /* Base */ = {isa = PBXFileReference; lastKnownFileType = file.storyboard; name = Base; path = Base.lproj/LaunchScreen.storyboard; sourceTree = "<group>"; };
		77065DB5214661D8001EC35D /* Info.plist */ = {isa = PBXFileReference; lastKnownFileType = text.plist.xml; path = Info.plist; sourceTree = "<group>"; };
/* End PBXFileReference section */

/* Begin PBXFrameworksBuildPhase section */
		77065DA3214661D7001EC35D /* Frameworks */ = {
			isa = PBXFrameworksBuildPhase;
			buildActionMask = 2147483647;
			files = (
			);
			runOnlyForDeploymentPostprocessing = 0;
		};
/* End PBXFrameworksBuildPhase section */

/* Begin PBXGroup section */
		77065D9D214661D7001EC35D = {
			isa = PBXGroup;
			children = (
				77065DA8214661D7001EC35D /* ec-rest */,
				77065DA7214661D7001EC35D /* Products */,
			);
			sourceTree = "<group>";
		};
		77065DA7214661D7001EC35D /* Products */ = {
			isa = PBXGroup;
			children = (
				77065DA6214661D7001EC35D /* ec-rest.app */,
			);
			name = Products;
			sourceTree = "<group>";
		};
		77065DA8214661D7001EC35D /* ec-rest */ = {
			isa = PBXGroup;
			children = (
				77065DA9214661D7001EC35D /* AppDelegate.swift */,
				77065DAB214661D7001EC35D /* ViewController.swift */,
				77065DAD214661D7001EC35D /* Main.storyboard */,
				77065DB0214661D8001EC35D /* Assets.xcassets */,
				77065DB2214661D8001EC35D /* LaunchScreen.storyboard */,
				77065DB5214661D8001EC35D /* Info.plist */,
			);
			path = "ec-rest";
			sourceTree = "<group>";
		};
/* End PBXGroup section */

/* Begin PBXNativeTarget section */
		77065DA5214661D7001EC35D /* ec-rest */ = {
			isa = PBXNativeTarget;
			buildConfigurationList = 77065DB8214661D8001EC35D /* Build configuration list for PBXNativeTarget "ec-rest" */;
			buildPhases = (
				77065DA2214661D7001EC35D /* Sources */,
				77065DA3214661D7001EC35D /* Frameworks */,
				77065DA4214661D7001EC35D /* Resources */,
			);
			buildRules = (
			);
			dependencies = (
			);
			name = "ec-rest";
			productName = "ec-rest";
			productReference = 77065DA6214661D7001EC35D /* ec-rest.app */;
			productType = "com.apple.product-type.application";
		};
/* End PBXNativeTarget section */

/* Begin PBXProject section */
		77065D9E214661D7001EC35D /* Project object */ = {
			isa = PBXProject;
			attributes = {
				LastSwiftUpdateCheck = 0820;
				LastUpgradeCheck = 0820;
				ORGANIZATIONNAME = "Kumari, Reena";
				TargetAttributes = {
					77065DA5214661D7001EC35D = {
						CreatedOnToolsVersion = 8.2.1;
						ProvisioningStyle = Automatic;
					};
				};
			};
			buildConfigurationList = 77065DA1214661D7001EC35D /* Build configuration list for PBXProject "ec-rest" */;
			compatibilityVersion = "Xcode 3.2";
			developmentRegion = English;
			hasScannedForEncodings = 0;
			knownRegions = (
				en,
				Base,
			);
			mainGroup = 77065D9D214661D7001EC35D;
			productRefGroup = 77065DA7214661D7001EC35D /* Products */;
			projectDirPath = "";
			projectRoot = "";
			targets = (
				77065DA5214661D7001EC35D /* ec-rest */,
			);
		};
/* End PBXProject section */

/* Begin PBXResourcesBuildPhase section */
		77065DA4214661D7001EC35D /* Resources */ = {
			isa = PBXResourcesBuildPhase;
			buildActionMask = 2147483647;
			files = (
				77065DB4214661D8001EC35D /* LaunchScreen.storyboard in Resources */,
				77065DB1214661D8001EC35D /* Assets.xcassets in Resources */,
				77065DAF214661D8001EC35D /* Main.storyboard in Resources */,
			);
			runOnlyForDeploymentPostprocessing = 0;
		};
/* End PBXResourcesBuildPhase section */

/* Begin PBXSourcesBuildPhase section */
		77065DA2214661D7001EC35D /* Sources */ = {
			isa = PBXSourcesBuildPhase;
			buildActionMask = 2147483647;
			files = (
				77065DAC214661D7001EC35D /* ViewController.swift in Sources */,
				77065DAA214661D7001EC35D /* AppDelegate.swift in Sources */,
			);
			runOnlyForDeploymentPostprocessing = 0;
		};
/* End PBXSourcesBuildPhase section */

/* Begin PBXVariantGroup section */
		77065DAD214661D7001EC35D /* Main.storyboard */ = {
			isa = PBXVariantGroup;
			children = (
				77065DAE214661D8001EC35D /* Base */,
			);
			name = Main.storyboard;
			sourceTree = "<group>";
		};
		77065DB2214661D8001EC35D /* LaunchScreen.storyboard */ = {
			isa = PBXVariantGroup;
			children = (
				77065DB3214661D8001EC35D /* Base */,
			);
			name = LaunchScreen.storyboard;
			sourceTree = "<group>";
		};
/* End PBXVariantGroup section */

/* Begin XCBuildConfiguration section */
		77065DB6214661D8001EC35D /* Debug */ = {
			isa = XCBuildConfiguration;
			buildSettings = {
				ALWAYS_SEARCH_USER_PATHS = NO;
				CLANG_ANALYZER_NONNULL = YES;
				CLANG_CXX_LANGUAGE_STANDARD = "gnu++0x";
				CLANG_CXX_LIBRARY = "libc++";
				CLANG_ENABLE_MODULES = YES;
				CLANG_ENABLE_OBJC_ARC = YES;
				CLANG_WARN_BOOL_CONVERSION = YES;
				CLANG_WARN_CONSTANT_CONVERSION = YES;
				CLANG_WARN_DIRECT_OBJC_ISA_USAGE = YES_ERROR;
				CLANG_WARN_DOCUMENTATION_COMMENTS = YES;
				CLANG_WARN_EMPTY_BODY = YES;
				CLANG_WARN_ENUM_CONVERSION = YES;
				CLANG_WARN_INFINITE_RECURSION = YES;
				CLANG_WARN_INT_CONVERSION = YES;
				CLANG_WARN_OBJC_ROOT_CLASS = YES_ERROR;
				CLANG_WARN_SUSPICIOUS_MOVE = YES;
				CLANG_WARN_UNREACHABLE_CODE = YES;
				CLANG_WARN__DUPLICATE_METHOD_MATCH = YES;
				"CODE_SIGN_IDENTITY[sdk=iphoneos*]" = "iPhone Developer";
				COPY_PHASE_STRIP = NO;
				DEBUG_INFORMATION_FORMAT = dwarf;
				ENABLE_STRICT_OBJC_MSGSEND = YES;
				ENABLE_TESTABILITY = YES;
				GCC_C_LANGUAGE_STANDARD = gnu99;
				GCC_DYNAMIC_NO_PIC = NO;
				GCC_NO_COMMON_BLOCKS = YES;
				GCC_OPTIMIZATION_LEVEL = 0;
				GCC_PREPROCESSOR_DEFINITIONS = (
					"DEBUG=1",
					"$(inherited)",
				);
				GCC_WARN_64_TO_32_BIT_CONVERSION = YES;
				GCC_WARN_ABOUT_RETURN_TYPE = YES_ERROR;
				GCC_WARN_UNDECLARED_SELECTOR = YES;
				GCC_WARN_UNINITIALIZED_AUTOS = YES_AGGRESSIVE;
				GCC_WARN_UNUSED_FUNCTION = YES;
				GCC_WARN_UNUSED_VARIABLE = YES;
				IPHONEOS_DEPLOYMENT_TARGET = 10.2;
				MTL_ENABLE_DEBUG_INFO = YES;
				ONLY_ACTIVE_ARCH = YES;
				SDKROOT = iphoneos;
				SWIFT_ACTIVE_COMPILATION_CONDITIONS = DEBUG;
				SWIFT_OPTIMIZATION_LEVEL = "-Onone";
			};
			name = Debug;
		};
		77065DB7214661D8001EC35D /* Release */ = {
			isa = XCBuildConfiguration;
			buildSettings = {
				ALWAYS_SEARCH_USER_PATHS = NO;
				CLANG_ANALYZER_NONNULL = YES;
				CLANG_CXX_LANGUAGE_STANDARD = "gnu++0x";
				CLANG_CXX_LIBRARY = "libc++";
				CLANG_ENABLE_MODULES = YES;
				CLANG_ENABLE_OBJC_ARC = YES;
				CLANG_WARN_BOOL_CONVERSION = YES;
				CLANG_WARN_CONSTANT_CONVERSION = YES;
				CLANG_WARN_DIRECT_OBJC_ISA_USAGE = YES_ERROR;
				CLANG_WARN_DOCUMENTATION_COMMENTS = YES;
				CLANG_WARN_EMPTY_BODY = YES;
				CLANG_WARN_ENUM_CONVERSION = YES;
				CLANG_WARN_INFINITE_RECURSION = YES;
				CLANG_WARN_INT_CONVERSION = YES;
				CLANG_WARN_OBJC_ROOT_CLASS = YES_ERROR;
				CLANG_WARN_SUSPICIOUS_MOVE = YES;
				CLANG_WARN_UNREACHABLE_CODE = YES;
				CLANG_WARN__DUPLICATE_METHOD_MATCH = YES;
				"CODE_SIGN_IDENTITY[sdk=iphoneos*]" = "iPhone Developer";
				COPY_PHASE_STRIP = NO;
				DEBUG_INFORMATION_FORMAT = "dwarf-with-dsym";
				ENABLE_NS_ASSERTIONS = NO;
				ENABLE_STRICT_OBJC_MSGSEND = YES;
				GCC_C_LANGUAGE_STANDARD = gnu99;
				GCC_NO_COMMON_BLOCKS = YES;
				GCC_WARN_64_TO_32_BIT_CONVERSION = YES;
				GCC_WARN_ABOUT_RETURN_TYPE = YES_ERROR;
				GCC_WARN_UNDECLARED_SELECTOR = YES;
				GCC_WARN_UNINITIALIZED_AUTOS = YES_AGGRESSIVE;
				GCC_WARN_UNUSED_FUNCTION = YES;
				GCC_WARN_UNUSED_VARIABLE = YES;
				IPHONEOS_DEPLOYMENT_TARGET = 10.2;
				MTL_ENABLE_DEBUG_INFO = NO;
				SDKROOT = iphoneos;
				SWIFT_OPTIMIZATION_LEVEL = "-Owholemodule";
				VALIDATE_PRODUCT = YES;
			};
			name = Release;
		};
		77065DB9214661D8001EC35D /* Debug */ = {
			isa = XCBuildConfiguration;
			buildSettings = {
				ASSETCATALOG_COMPILER_APPICON_NAME = AppIcon;
				INFOPLIST_FILE = "ec-rest/Info.plist";
				LD_RUNPATH_SEARCH_PATHS = "$(inherited) @executable_path/Frameworks";
				PRODUCT_BUNDLE_IDENTIFIER = "com.reena.ec-rest";
				PRODUCT_NAME = "$(TARGET_NAME)";
				SWIFT_VERSION = 3.0;
			};
			name = Debug;
		};
		77065DBA214661D8001EC35D /* Release */ = {
			isa = XCBuildConfiguration;
			buildSettings = {
				ASSETCATALOG_COMPILER_APPICON_NAME = AppIcon;
				INFOPLIST_FILE = "ec-rest/Info.plist";
				LD_RUNPATH_SEARCH_PATHS = "$(inherited) @executable_path/Frameworks";
				PRODUCT_BUNDLE_IDENTIFIER = "com.reena.ec-rest";
				PRODUCT_NAME = "$(TARGET_NAME)";
				SWIFT_VERSION = 3.0;
			};
			name = Release;
		};
/* End XCBuildConfiguration section */

/* Begin XCConfigurationList section */
		77065DA1214661D7001EC35D /* Build configuration list for PBXProject "ec-rest" */ = {
			isa = XCConfigurationList;
			buildConfigurations = (
				77065DB6214661D8001EC35D /* Debug */,
				77065DB7214661D8001EC35D /* Release */,
			);
			defaultConfigurationIsVisible = 0;
			defaultConfigurationName = Release;
		};
		77065DB8214661D8001EC35D /* Build configuration list for PBXNativeTarget "ec-rest" */ = {
			isa = XCConfigurationList;
			buildConfigurations = (
				77065DB9214661D8001EC35D /* Debug */,
				77065DBA214661D8001EC35D /* Release */,
			);
			defaultConfigurationIsVisible = 0;
			defaultConfigurationName = Release;
		};
/* End XCConfigurationList section */
	};
	rootObject = 77065D9E214661D7001EC35D /* Project object */;
}
